
Microsoft Visual Studio Solution File, Format Version 12.00
# Visual Studio Version 16
VisualStudioVersion = 16.0.30114.105
MinimumVisualStudioVersion = 10.0.40219.1
Project("{FAE04EC0-301F-11D3-BF4B-00C04F79EFBC}") = "ShopApp.Application", "ShopApp.Application\ShopApp.Application.csproj", "{681E8B42-0D8A-4CEA-92BE-2889F3C867BA}"
EndProject
Project("{FAE04EC0-301F-11D3-BF4B-00C04F79EFBC}") = "ShopApp.Infrastructure", "ShopApp.Infrastructure\ShopApp.Infrastructure.csproj", "{5422273F-65B8-484E-A4D7-53CCB65F76E3}"
EndProject
Project("{FAE04EC0-301F-11D3-BF4B-00C04F79EFBC}") = "ShopApp.Domain", "ShopApp.Domain\ShopApp.Domain.csproj", "{39C074D3-7EAC-410D-AD49-4B0ABBD2339B}"
EndProject
Project("{FAE04EC0-301F-11D3-BF4B-00C04F79EFBC}") = "ShopApp.WebUI", "ShopApp.WebUI\ShopApp.WebUI.csproj", "{3B97BE43-4C13-4DF9-AA51-B01F623D59E1}"
EndProject
Global
	GlobalSection(SolutionConfigurationPlatforms) = preSolution
		Debug|Any CPU = Debug|Any CPU
		Release|Any CPU = Release|Any CPU
	EndGlobalSection
	GlobalSection(SolutionProperties) = preSolution
		HideSolutionNode = FALSE
	EndGlobalSection
	GlobalSection(ProjectConfigurationPlatforms) = postSolution
		{681E8B42-0D8A-4CEA-92BE-2889F3C867BA}.Debug|Any CPU.ActiveCfg = Debug|Any CPU
		{681E8B42-0D8A-4CEA-92BE-2889F3C867BA}.Debug|Any CPU.Build.0 = Debug|Any CPU
		{681E8B42-0D8A-4CEA-92BE-2889F3C867BA}.Release|Any CPU.ActiveCfg = Release|Any CPU
		{681E8B42-0D8A-4CEA-92BE-2889F3C867BA}.Release|Any CPU.Build.0 = Release|Any CPU
		{5422273F-65B8-484E-A4D7-53CCB65F76E3}.Debug|Any CPU.ActiveCfg = Debug|Any CPU
		{5422273F-65B8-484E-A4D7-53CCB65F76E3}.Debug|Any CPU.Build.0 = Debug|Any CPU
		{5422273F-65B8-484E-A4D7-53CCB65F76E3}.Release|Any CPU.ActiveCfg = Release|Any CPU
		{5422273F-65B8-484E-A4D7-53CCB65F76E3}.Release|Any CPU.Build.0 = Release|Any CPU
		{39C074D3-7EAC-410D-AD49-4B0ABBD2339B}.Debug|Any CPU.ActiveCfg = Debug|Any CPU
		{39C074D3-7EAC-410D-AD49-4B0ABBD2339B}.Debug|Any CPU.Build.0 = Debug|Any CPU
		{39C074D3-7EAC-410D-AD49-4B0ABBD2339B}.Release|Any CPU.ActiveCfg = Release|Any CPU
		{39C074D3-7EAC-410D-AD49-4B0ABBD2339B}.Release|Any CPU.Build.0 = Release|Any CPU
		{3B97BE43-4C13-4DF9-AA51-B01F623D59E1}.Debug|Any CPU.ActiveCfg = Debug|Any CPU
		{3B97BE43-4C13-4DF9-AA51-B01F623D59E1}.Debug|Any CPU.Build.0 = Debug|Any CPU
		{3B97BE43-4C13-4DF9-AA51-B01F623D59E1}.Release|Any CPU.ActiveCfg = Release|Any CPU
		{3B97BE43-4C13-4DF9-AA51-B01F623D59E1}.Release|Any CPU.Build.0 = Release|Any CPU
	EndGlobalSection
EndGlobal
